{
  "name": "cm-chessboard",
  "version": "8.12.14",
  "lockfileVersion": 2,
  "requires": true,
  "packages": {
    "": {
      "name": "cm-chessboard",
      "version": "8.12.14",
      "license": "MIT",
      "devDependencies": {
        "teevi": "^2.4.1"
      }
    },
    "node_modules/teevi": {
      "version": "2.4.1",
      "resolved": "https://registry.npmjs.org/teevi/-/teevi-2.4.1.tgz",
      "integrity": "sha512-nlcmwyYRfvAoYpyrC+UjrubhH8v84owQW7gRnvQXNG0xztkU8JPy6DIF6pUKqNBiWyKWcZESvbgyc1yXkddrZA==",
      "dev": true,
      "license": "MIT"
    }
  },
  "dependencies": {
    "teevi": {
      "version": "2.4.1",
      "resolved": "https://registry.npmjs.org/teevi/-/teevi-2.4.1.tgz",
      "integrity": "sha512-nlcmwyYRfvAoYpyrC+UjrubhH8v84owQW7gRnvQXNG0xztkU8JPy6DIF6pUKqNBiWyKWcZESvbgyc1yXkddrZA==",
      "dev": true
    }
  }
}
