{
  "name": "cm-chessboard",
  "version": "3.10.5",
  "lockfileVersion": 2,
  "requires": true,
  "packages": {
    "": {
      "version": "3.10.5",
      "license": "MIT",
      "devDependencies": {
        "teevi": "^2.1.4"
      }
    },
    "node_modules/teevi": {
      "version": "2.1.7",
      "resolved": "https://registry.npmjs.org/teevi/-/teevi-2.1.7.tgz",
      "integrity": "sha512-DI2AJlfojzPrUZpcKBmzg4UP9XFicbISSqhVdal9fYupDJAKldI5DEdK2enWSLB4ZRJAqXDyR5HGA4SA6VZyLQ==",
      "dev": true
    }
  },
  "dependencies": {
    "teevi": {
      "version": "2.1.7",
      "resolved": "https://registry.npmjs.org/teevi/-/teevi-2.1.7.tgz",
      "integrity": "sha512-DI2AJlfojzPrUZpcKBmzg4UP9XFicbISSqhVdal9fYupDJAKldI5DEdK2enWSLB4ZRJAqXDyR5HGA4SA6VZyLQ==",
      "dev": true
    }
  }
}
