{
  "name": "cm-chessboard",
  "version": "2.4.11",
  "lockfileVersion": 1,
  "requires": true,
  "dependencies": {
    "svjs-svg": {
      "version": "1.1.1",
      "resolved": "https://registry.npmjs.org/svjs-svg/-/svjs-svg-1.1.1.tgz",
      "integrity": "sha512-4oSMGZYxXX7pAwfzRd9AuT7Z0PZ1gBUCHEZX30VZcueY5dgW7GqwBiclQFhSyNyYiOjHLZNGCvj7m7g1sn6A3w=="
    },
    "svjs-test": {
      "version": "1.2.2",
      "resolved": "https://registry.npmjs.org/svjs-test/-/svjs-test-1.2.2.tgz",
      "integrity": "sha512-+v3684hVC246P6yTaIfEj1JbTpwMyIpoSRlFSY6xOTDiDmXSVpfUXx8owr+zbtmoSD6eNhUBBLTUxijxuYa17w==",
      "dev": true
    }
  }
}
